<?xml version="1.0" encoding="utf-8"?>
<Project ToolsVersion="4.0" xmlns="http://schemas.microsoft.com/developer/msbuild/2003">
  <ItemGroup>
    <Filter Include="Source Files">
      <UniqueIdentifier>{4FC737F1-C7A5-4376-A066-2A32D752A2FF}</UniqueIdentifier>
      <Extensions>cpp;c;cc;cxx;def;odl;idl;hpj;bat;asm;asmx</Extensions>
    </Filter>
    <Filter Include="Header Files">
      <UniqueIdentifier>{93995380-89BD-4b04-88EB-625FBE52EBFB}</UniqueIdentifier>
      <Extensions>h;hh;hpp;hxx;hm;inl;inc;xsd</Extensions>
    </Filter>
    <Filter Include="Resource Files">
      <UniqueIdentifier>{67DA6AB6-F800-4c08-8B7A-83BB121AAD01}</UniqueIdentifier>
      <Extensions>rc;ico;cur;bmp;dlg;rc2;rct;bin;rgs;gif;jpg;jpeg;jpe;resx;tiff;tif;png;wav;mfcribbon-ms</Extensions>
    </Filter>
    <Filter Include="Header Files\rapidjson">
      <UniqueIdentifier>{f0d4abbf-5ca4-4ebf-bc5e-d58787ab8de9}</UniqueIdentifier>
    </Filter>
    <Filter Include="Header Files\json">
      <UniqueIdentifier>{59678289-01c4-437c-bc87-584a1d3045dc}</UniqueIdentifier>
    </Filter>
    <Filter Include="Source Files\examples">
      <UniqueIdentifier>{e8727a72-367d-499c-9e8a-7b09778ae581}</UniqueIdentifier>
    </Filter>
    <Filter Include="Source Files\boost">
      <UniqueIdentifier>{2e0fdd4d-5f39-48ce-8bb2-702815984872}</UniqueIdentifier>
    </Filter>
  </ItemGroup>
  <ItemGroup>
    <ClInclude Include="commons.h">
      <Filter>Header Files</Filter>
    </ClInclude>
    <ClInclude Include="current.h">
      <Filter>Header Files</Filter>
    </ClInclude>
    <ClInclude Include="em_field.h">
      <Filter>Header Files</Filter>
    </ClInclude>
    <ClInclude Include="grid.h">
      <Filter>Header Files</Filter>
    </ClInclude>
    <ClInclude Include="output_manager.h">
      <Filter>Header Files</Filter>
    </ClInclude>
    <ClInclude Include="particle_species.h">
      <Filter>Header Files</Filter>
    </ClInclude>
    <ClInclude Include="structures.h">
      <Filter>Header Files</Filter>
    </ClInclude>
    <ClInclude Include="utilities.h">
      <Filter>Header Files</Filter>
    </ClInclude>
    <ClInclude Include="rapidjson\allocators.h">
      <Filter>Header Files\rapidjson</Filter>
    </ClInclude>
    <ClInclude Include="rapidjson\document.h">
      <Filter>Header Files\rapidjson</Filter>
    </ClInclude>
    <ClInclude Include="rapidjson\encodedstream.h">
      <Filter>Header Files\rapidjson</Filter>
    </ClInclude>
    <ClInclude Include="rapidjson\encodings.h">
      <Filter>Header Files\rapidjson</Filter>
    </ClInclude>
    <ClInclude Include="rapidjson\filereadstream.h">
      <Filter>Header Files\rapidjson</Filter>
    </ClInclude>
    <ClInclude Include="rapidjson\filestream.h">
      <Filter>Header Files\rapidjson</Filter>
    </ClInclude>
    <ClInclude Include="rapidjson\filewritestream.h">
      <Filter>Header Files\rapidjson</Filter>
    </ClInclude>
    <ClInclude Include="rapidjson\memorybuffer.h">
      <Filter>Header Files\rapidjson</Filter>
    </ClInclude>
    <ClInclude Include="rapidjson\memorystream.h">
      <Filter>Header Files\rapidjson</Filter>
    </ClInclude>
    <ClInclude Include="rapidjson\prettywriter.h">
      <Filter>Header Files\rapidjson</Filter>
    </ClInclude>
    <ClInclude Include="rapidjson\rapidjson.h">
      <Filter>Header Files\rapidjson</Filter>
    </ClInclude>
    <ClInclude Include="rapidjson\reader.h">
      <Filter>Header Files\rapidjson</Filter>
    </ClInclude>
    <ClInclude Include="rapidjson\stringbuffer.h">
      <Filter>Header Files\rapidjson</Filter>
    </ClInclude>
    <ClInclude Include="rapidjson\writer.h">
      <Filter>Header Files\rapidjson</Filter>
    </ClInclude>
    <ClInclude Include="rapidjson\error\en.h">
      <Filter>Header Files\rapidjson</Filter>
    </ClInclude>
    <ClInclude Include="rapidjson\error\error.h">
      <Filter>Header Files\rapidjson</Filter>
    </ClInclude>
    <ClInclude Include="rapidjson\internal\biginteger.h">
      <Filter>Header Files\rapidjson</Filter>
    </ClInclude>
    <ClInclude Include="rapidjson\internal\diyfp.h">
      <Filter>Header Files\rapidjson</Filter>
    </ClInclude>
    <ClInclude Include="rapidjson\internal\dtoa.h">
      <Filter>Header Files\rapidjson</Filter>
    </ClInclude>
    <ClInclude Include="rapidjson\internal\ieee754.h">
      <Filter>Header Files\rapidjson</Filter>
    </ClInclude>
    <ClInclude Include="rapidjson\internal\itoa.h">
      <Filter>Header Files\rapidjson</Filter>
    </ClInclude>
    <ClInclude Include="rapidjson\internal\meta.h">
      <Filter>Header Files\rapidjson</Filter>
    </ClInclude>
    <ClInclude Include="rapidjson\internal\pow10.h">
      <Filter>Header Files\rapidjson</Filter>
    </ClInclude>
    <ClInclude Include="rapidjson\internal\stack.h">
      <Filter>Header Files\rapidjson</Filter>
    </ClInclude>
    <ClInclude Include="rapidjson\internal\strfunc.h">
      <Filter>Header Files\rapidjson</Filter>
    </ClInclude>
    <ClInclude Include="rapidjson\internal\strtod.h">
      <Filter>Header Files\rapidjson</Filter>
    </ClInclude>
    <ClInclude Include="rapidjson\msinttypes\inttypes.h">
      <Filter>Header Files\rapidjson</Filter>
    </ClInclude>
    <ClInclude Include="rapidjson\msinttypes\stdint.h">
      <Filter>Header Files\rapidjson</Filter>
    </ClInclude>
    <ClInclude Include="jsonnames.h">
      <Filter>Header Files</Filter>
    </ClInclude>
    <ClInclude Include="jsonparser.h">
      <Filter>Header Files</Filter>
    </ClInclude>
    <ClInclude Include="json\json.h">
      <Filter>Header Files\json</Filter>
    </ClInclude>
    <ClInclude Include="json\json-forwards.h">
      <Filter>Header Files\json</Filter>
    </ClInclude>
    <ClInclude Include="preproc_defs.h">
      <Filter>Header Files</Filter>
    </ClInclude>
    <ClInclude Include="sobol.h">
      <Filter>Header Files</Filter>
    </ClInclude>
    <ClInclude Include="main-piccante.h">
      <Filter>Header Files</Filter>
    </ClInclude>
  </ItemGroup>
  <ItemGroup>
    <ClCompile Include="current.cpp">
      <Filter>Source Files</Filter>
    </ClCompile>
    <ClCompile Include="em_field.cpp">
      <Filter>Source Files</Filter>
    </ClCompile>
    <ClCompile Include="grid.cpp">
      <Filter>Source Files</Filter>
    </ClCompile>
    <ClCompile Include="output_manager.cpp">
      <Filter>Source Files</Filter>
    </ClCompile>
    <ClCompile Include="particle_species.cpp">
      <Filter>Source Files</Filter>
    </ClCompile>
    <ClCompile Include="structures.cpp">
      <Filter>Source Files</Filter>
    </ClCompile>
    <ClCompile Include="utilities.cpp">
      <Filter>Source Files</Filter>
    </ClCompile>
    <ClCompile Include="jsonparser.cpp">
      <Filter>Source Files</Filter>
    </ClCompile>
    <ClCompile Include="jsoncpp.cpp">
      <Filter>Header Files\json</Filter>
    </ClCompile>
    <ClCompile Include="main-piccante.cpp">
      <Filter>Source Files</Filter>
    </ClCompile>
    <ClCompile Include="..\examples\MAINS\1d_solitons.cpp">
      <Filter>Source Files\examples</Filter>
    </ClCompile>
    <ClCompile Include="..\examples\MAINS\1d_TNSA.cpp">
      <Filter>Source Files\examples</Filter>
    </ClCompile>
    <ClCompile Include="..\examples\MAINS\1d_wakefield.cpp">
      <Filter>Source Files\examples</Filter>
    </ClCompile>
    <ClCompile Include="..\examples\MAINS\2d_grating.cpp">
      <Filter>Source Files\examples</Filter>
    </ClCompile>
    <ClCompile Include="..\examples\MAINS\2d_twostream.cpp">
      <Filter>Source Files\examples</Filter>
    </ClCompile>
    <ClCompile Include="..\examples\MAINS\2d_twostream_no_output.cpp">
      <Filter>Source Files\examples</Filter>
    </ClCompile>
    <ClCompile Include="..\examples\MAINS\2d_twostream_scaling.cpp">
      <Filter>Source Files\examples</Filter>
    </ClCompile>
    <ClCompile Include="..\examples\MAINS\2d_twostream_scaling_no_noutput.cpp">
      <Filter>Source Files\examples</Filter>
    </ClCompile>
    <ClCompile Include="..\examples\MAINS\2d_wakefield.cpp">
      <Filter>Source Files\examples</Filter>
    </ClCompile>
    <ClCompile Include="..\examples\MAINS\2d_wakefield_no_output.cpp">
      <Filter>Source Files\examples</Filter>
    </ClCompile>
    <ClCompile Include="..\examples\MAINS\3d_twostream.cpp">
      <Filter>Source Files\examples</Filter>
    </ClCompile>
    <ClCompile Include="..\examples\MAINS\3d_twostream_no_output.cpp">
      <Filter>Source Files\examples</Filter>
    </ClCompile>
    <ClCompile Include="..\examples\MAINS\3d_twostream_outputParamScan.cpp">
      <Filter>Source Files\examples</Filter>
    </ClCompile>
    <ClCompile Include="..\examples\MAINS\3d_twostream_scaling.cpp">
      <Filter>Source Files\examples</Filter>
    </ClCompile>
    <ClCompile Include="..\examples\MAINS\3d_twostream_scaling_no_output.cpp">
      <Filter>Source Files\examples</Filter>
    </ClCompile>
    <ClCompile Include="..\examples\MAINS\3d_wakefield.cpp">
      <Filter>Source Files\examples</Filter>
    </ClCompile>
    <ClCompile Include="..\examples\MAINS\3d_wakefield_no_output.cpp">
      <Filter>Source Files\examples</Filter>
    </ClCompile>
    <ClCompile Include="..\examples\main-clusters.cpp">
      <Filter>Source Files\examples</Filter>
    </ClCompile>
    <ClCompile Include="..\examples\main-landau-damping.cpp">
      <Filter>Source Files\examples</Filter>
    </ClCompile>
    <ClCompile Include="main-devel.cpp">
      <Filter>Source Files</Filter>
    </ClCompile>
    <ClCompile Include="sobol.cpp">
      <Filter>Source Files</Filter>
    </ClCompile>
    <ClCompile Include="$(MSBuildThisFileDirectory)..\..\lib\native\src\boost_filesystem.codecvt_error_category.cpp">
      <Filter>Source Files\boost</Filter>
    </ClCompile>
    <ClCompile Include="$(MSBuildThisFileDirectory)..\..\lib\native\src\boost_filesystem.operations.cpp">
      <Filter>Source Files\boost</Filter>
    </ClCompile>
    <ClCompile Include="$(MSBuildThisFileDirectory)..\..\lib\native\src\boost_filesystem.path.cpp">
      <Filter>Source Files\boost</Filter>
    </ClCompile>
    <ClCompile Include="$(MSBuildThisFileDirectory)..\..\lib\native\src\boost_filesystem.path_traits.cpp">
      <Filter>Source Files\boost</Filter>
    </ClCompile>
    <ClCompile Include="$(MSBuildThisFileDirectory)..\..\lib\native\src\boost_filesystem.portability.cpp">
      <Filter>Source Files\boost</Filter>
    </ClCompile>
    <ClCompile Include="$(MSBuildThisFileDirectory)..\..\lib\native\src\boost_filesystem.unique_path.cpp">
      <Filter>Source Files\boost</Filter>
    </ClCompile>
    <ClCompile Include="$(MSBuildThisFileDirectory)..\..\lib\native\src\boost_filesystem.utf8_codecvt_facet.cpp">
      <Filter>Source Files\boost</Filter>
    </ClCompile>
    <ClCompile Include="$(MSBuildThisFileDirectory)..\..\lib\native\src\boost_filesystem.windows_file_codecvt.cpp">
      <Filter>Source Files\boost</Filter>
    </ClCompile>
    <ClCompile Include="$(MSBuildThisFileDirectory)..\..\lib\native\src\boost_random.random_device.cpp">
      <Filter>Source Files\boost</Filter>
    </ClCompile>
    <ClCompile Include="$(MSBuildThisFileDirectory)..\..\lib\native\src\boost_system.error_code.cpp">
      <Filter>Source Files\boost</Filter>
    </ClCompile>
  </ItemGroup>
  <ItemGroup>
    <None Include="packages.config" />
    <None Include="..\README.md" />
    <None Include="..\BUILD.md" />
    <None Include="..\doc\src\piccante_guide.tex" />
  </ItemGroup>
</Project>